
Microsoft Visual Studio Solution File, Format Version 12.00
# Visual Studio 15
VisualStudioVersion = 15.0.28010.2050
MinimumVisualStudioVersion = 10.0.40219.1
Project("{FAE04EC0-301F-11D3-BF4B-00C04F79EFBC}") = "WinForm1", "WinForm1\WinForm1.csproj", "{1CA46C8E-62D4-4030-9427-B6D5E732432D}"
EndProject
Project("{FAE04EC0-301F-11D3-BF4B-00C04F79EFBC}") = "WinForm2", "WinForm2\WinForm2.csproj", "{9566DFD5-60BD-4254-BD78-9A382B18476E}"
EndProject
Global
	GlobalSection(SolutionConfigurationPlatforms) = preSolution
		Debug|Any CPU = Debug|Any CPU
		Release|Any CPU = Release|Any CPU
	EndGlobalSection
	GlobalSection(ProjectConfigurationPlatforms) = postSolution
		{1CA46C8E-62D4-4030-9427-B6D5E732432D}.Debug|Any CPU.ActiveCfg = Debug|Any CPU
		{1CA46C8E-62D4-4030-9427-B6D5E732432D}.Debug|Any CPU.Build.0 = Debug|Any CPU
		{1CA46C8E-62D4-4030-9427-B6D5E732432D}.Release|Any CPU.ActiveCfg = Release|Any CPU
		{1CA46C8E-62D4-4030-9427-B6D5E732432D}.Release|Any CPU.Build.0 = Release|Any CPU
		{9566DFD5-60BD-4254-BD78-9A382B18476E}.Debug|Any CPU.ActiveCfg = Debug|Any CPU
		{9566DFD5-60BD-4254-BD78-9A382B18476E}.Debug|Any CPU.Build.0 = Debug|Any CPU
		{9566DFD5-60BD-4254-BD78-9A382B18476E}.Release|Any CPU.ActiveCfg = Release|Any CPU
		{9566DFD5-60BD-4254-BD78-9A382B18476E}.Release|Any CPU.Build.0 = Release|Any CPU
	EndGlobalSection
	GlobalSection(SolutionProperties) = preSolution
		HideSolutionNode = FALSE
	EndGlobalSection
	GlobalSection(ExtensibilityGlobals) = postSolution
		SolutionGuid = {830711DA-8B77-44F4-AAA4-EA5B3459EFAC}
	EndGlobalSection
EndGlobal
